// !$*UTF8*$!
{
	archiveVersion = 1;
	classes = {
	};
	objectVersion = 46;
	objects = {

/* Begin PBXBuildFile section */
		66A58F524420A987399878D0 /* Pods_Associate.framework in Frameworks */ = {isa = PBXBuildFile; fileRef = B94B28ECA6A459A73FFC6E6D /* Pods_Associate.framework */; };
		FF887C3D1F3B6E6E0095F5C9 /* AppDelegate.swift in Sources */ = {isa = PBXBuildFile; fileRef = FF887C3C1F3B6E6E0095F5C9 /* AppDelegate.swift */; };
		FF887C421F3B6E6E0095F5C9 /* Main.storyboard in Resources */ = {isa = PBXBuildFile; fileRef = FF887C401F3B6E6E0095F5C9 /* Main.storyboard */; };
		FF887C441F3B6E6E0095F5C9 /* Assets.xcassets in Resources */ = {isa = PBXBuildFile; fileRef = FF887C431F3B6E6E0095F5C9 /* Assets.xcassets */; };
		FF887C471F3B6E6E0095F5C9 /* LaunchScreen.storyboard in Resources */ = {isa = PBXBuildFile; fileRef = FF887C451F3B6E6E0095F5C9 /* LaunchScreen.storyboard */; };
		FFEEFD681F3CEDD4002E0C9A /* SignUpViewController.swift in Sources */ = {isa = PBXBuildFile; fileRef = FFEEFD671F3CEDD4002E0C9A /* SignUpViewController.swift */; };
		FFEEFD6A1F3CEE78002E0C9A /* LoginViewController.swift in Sources */ = {isa = PBXBuildFile; fileRef = FFEEFD691F3CEE78002E0C9A /* LoginViewController.swift */; };
		FFEEFD6F1F3CF04A002E0C9A /* DataManager.swift in Sources */ = {isa = PBXBuildFile; fileRef = FFEEFD6E1F3CF04A002E0C9A /* DataManager.swift */; };
		FFEEFD741F3CF834002E0C9A /* APIKeys.swift in Sources */ = {isa = PBXBuildFile; fileRef = FFEEFD731F3CF834002E0C9A /* APIKeys.swift */; };
/* End PBXBuildFile section */

/* Begin PBXFileReference section */
		4E4E63013482F53E37A8A3B7 /* Pods-Associate.debug.xcconfig */ = {isa = PBXFileReference; includeInIndex = 1; lastKnownFileType = text.xcconfig; name = "Pods-Associate.debug.xcconfig"; path = "Pods/Target Support Files/Pods-Associate/Pods-Associate.debug.xcconfig"; sourceTree = "<group>"; };
		A1A5FF9B3C9341185AB52CA9 /* Pods-Associate.release.xcconfig */ = {isa = PBXFileReference; includeInIndex = 1; lastKnownFileType = text.xcconfig; name = "Pods-Associate.release.xcconfig"; path = "Pods/Target Support Files/Pods-Associate/Pods-Associate.release.xcconfig"; sourceTree = "<group>"; };
		B94B28ECA6A459A73FFC6E6D /* Pods_Associate.framework */ = {isa = PBXFileReference; explicitFileType = wrapper.framework; includeInIndex = 0; path = Pods_Associate.framework; sourceTree = BUILT_PRODUCTS_DIR; };
		FF887C391F3B6E6E0095F5C9 /* Associate.app */ = {isa = PBXFileReference; explicitFileType = wrapper.application; includeInIndex = 0; path = Associate.app; sourceTree = BUILT_PRODUCTS_DIR; };
		FF887C3C1F3B6E6E0095F5C9 /* AppDelegate.swift */ = {isa = PBXFileReference; lastKnownFileType = sourcecode.swift; path = AppDelegate.swift; sourceTree = "<group>"; };
		FF887C411F3B6E6E0095F5C9 /* Base */ = {isa = PBXFileReference; lastKnownFileType = file.storyboard; name = Base; path = Base.lproj/Main.storyboard; sourceTree = "<group>"; };
		FF887C431F3B6E6E0095F5C9 /* Assets.xcassets */ = {isa = PBXFileReference; lastKnownFileType = folder.assetcatalog; path = Assets.xcassets; sourceTree = "<group>"; };
		FF887C461F3B6E6E0095F5C9 /* Base */ = {isa = PBXFileReference; lastKnownFileType = file.storyboard; name = Base; path = Base.lproj/LaunchScreen.storyboard; sourceTree = "<group>"; };
		FF887C481F3B6E6E0095F5C9 /* Info.plist */ = {isa = PBXFileReference; lastKnownFileType = text.plist.xml; path = Info.plist; sourceTree = "<group>"; };
		FFEEFD671F3CEDD4002E0C9A /* SignUpViewController.swift */ = {isa = PBXFileReference; fileEncoding = 4; lastKnownFileType = sourcecode.swift; path = SignUpViewController.swift; sourceTree = "<group>"; };
		FFEEFD691F3CEE78002E0C9A /* LoginViewController.swift */ = {isa = PBXFileReference; fileEncoding = 4; lastKnownFileType = sourcecode.swift; path = LoginViewController.swift; sourceTree = "<group>"; };
		FFEEFD6E1F3CF04A002E0C9A /* DataManager.swift */ = {isa = PBXFileReference; fileEncoding = 4; lastKnownFileType = sourcecode.swift; path = DataManager.swift; sourceTree = "<group>"; };
		FFEEFD731F3CF834002E0C9A /* APIKeys.swift */ = {isa = PBXFileReference; fileEncoding = 4; lastKnownFileType = sourcecode.swift; name = APIKeys.swift; path = ../APIKeys.swift; sourceTree = "<group>"; };
/* End PBXFileReference section */

/* Begin PBXFrameworksBuildPhase section */
		FF887C361F3B6E6E0095F5C9 /* Frameworks */ = {
			isa = PBXFrameworksBuildPhase;
			buildActionMask = 2147483647;
			files = (
				66A58F524420A987399878D0 /* Pods_Associate.framework in Frameworks */,
			);
			runOnlyForDeploymentPostprocessing = 0;
		};
/* End PBXFrameworksBuildPhase section */

/* Begin PBXGroup section */
		427853F68AC40BE5E524D3BB /* Pods */ = {
			isa = PBXGroup;
			children = (
				4E4E63013482F53E37A8A3B7 /* Pods-Associate.debug.xcconfig */,
				A1A5FF9B3C9341185AB52CA9 /* Pods-Associate.release.xcconfig */,
			);
			name = Pods;
			sourceTree = "<group>";
		};
		8ADE4F01609D54DBE1142D95 /* Frameworks */ = {
			isa = PBXGroup;
			children = (
				B94B28ECA6A459A73FFC6E6D /* Pods_Associate.framework */,
			);
			name = Frameworks;
			sourceTree = "<group>";
		};
		FF887C301F3B6E6E0095F5C9 = {
			isa = PBXGroup;
			children = (
				FF887C3B1F3B6E6E0095F5C9 /* Associate */,
				FF887C3A1F3B6E6E0095F5C9 /* Products */,
				427853F68AC40BE5E524D3BB /* Pods */,
				8ADE4F01609D54DBE1142D95 /* Frameworks */,
			);
			sourceTree = "<group>";
		};
		FF887C3A1F3B6E6E0095F5C9 /* Products */ = {
			isa = PBXGroup;
			children = (
				FF887C391F3B6E6E0095F5C9 /* Associate.app */,
			);
			name = Products;
			sourceTree = "<group>";
		};
		FF887C3B1F3B6E6E0095F5C9 /* Associate */ = {
			isa = PBXGroup;
			children = (
				FFEEFD731F3CF834002E0C9A /* APIKeys.swift */,
				FF887C3C1F3B6E6E0095F5C9 /* AppDelegate.swift */,
				FFEEFD6B1F3CF004002E0C9A /* Controllers */,
				FFEEFD6C1F3CF018002E0C9A /* Model */,
				FFEEFD6D1F3CF02D002E0C9A /* Views */,
				FFEEFD701F3CF776002E0C9A /* Storyboard */,
				FF887C431F3B6E6E0095F5C9 /* Assets.xcassets */,
				FF887C481F3B6E6E0095F5C9 /* Info.plist */,
			);
			path = Associate;
			sourceTree = "<group>";
		};
		FFEEFD6B1F3CF004002E0C9A /* Controllers */ = {
			isa = PBXGroup;
			children = (
				FFEEFD691F3CEE78002E0C9A /* LoginViewController.swift */,
				FFEEFD671F3CEDD4002E0C9A /* SignUpViewController.swift */,
			);
			name = Controllers;
			sourceTree = "<group>";
		};
		FFEEFD6C1F3CF018002E0C9A /* Model */ = {
			isa = PBXGroup;
			children = (
				FFEEFD6E1F3CF04A002E0C9A /* DataManager.swift */,
			);
			name = Model;
			sourceTree = "<group>";
		};
		FFEEFD6D1F3CF02D002E0C9A /* Views */ = {
			isa = PBXGroup;
			children = (
			);
			name = Views;
			sourceTree = "<group>";
		};
		FFEEFD701F3CF776002E0C9A /* Storyboard */ = {
			isa = PBXGroup;
			children = (
				FF887C401F3B6E6E0095F5C9 /* Main.storyboard */,
				FF887C451F3B6E6E0095F5C9 /* LaunchScreen.storyboard */,
			);
			name = Storyboard;
			sourceTree = "<group>";
		};
/* End PBXGroup section */

/* Begin PBXNativeTarget section */
		FF887C381F3B6E6E0095F5C9 /* Associate */ = {
			isa = PBXNativeTarget;
			buildConfigurationList = FF887C4B1F3B6E6E0095F5C9 /* Build configuration list for PBXNativeTarget "Associate" */;
			buildPhases = (
				82655341476040E3235EB689 /* [CP] Check Pods Manifest.lock */,
				FF887C351F3B6E6E0095F5C9 /* Sources */,
				FF887C361F3B6E6E0095F5C9 /* Frameworks */,
				FF887C371F3B6E6E0095F5C9 /* Resources */,
				D9EEF9F27A290E3773A9322A /* [CP] Embed Pods Frameworks */,
				411ED8944661FF3C841244FE /* [CP] Copy Pods Resources */,
			);
			buildRules = (
			);
			dependencies = (
			);
			name = Associate;
			productName = Associate;
			productReference = FF887C391F3B6E6E0095F5C9 /* Associate.app */;
			productType = "com.apple.product-type.application";
		};
/* End PBXNativeTarget section */

/* Begin PBXProject section */
		FF887C311F3B6E6E0095F5C9 /* Project object */ = {
			isa = PBXProject;
			attributes = {
				LastSwiftUpdateCheck = 0830;
				LastUpgradeCheck = 0830;
				ORGANIZATIONNAME = "Sav Inc.";
				TargetAttributes = {
					FF887C381F3B6E6E0095F5C9 = {
						CreatedOnToolsVersion = 8.3.2;
						DevelopmentTeam = 4KJC5XPKL6;
						ProvisioningStyle = Automatic;
					};
				};
			};
			buildConfigurationList = FF887C341F3B6E6E0095F5C9 /* Build configuration list for PBXProject "Associate" */;
			compatibilityVersion = "Xcode 3.2";
			developmentRegion = English;
			hasScannedForEncodings = 0;
			knownRegions = (
				en,
				Base,
			);
			mainGroup = FF887C301F3B6E6E0095F5C9;
			productRefGroup = FF887C3A1F3B6E6E0095F5C9 /* Products */;
			projectDirPath = "";
			projectRoot = "";
			targets = (
				FF887C381F3B6E6E0095F5C9 /* Associate */,
			);
		};
/* End PBXProject section */

/* Begin PBXResourcesBuildPhase section */
		FF887C371F3B6E6E0095F5C9 /* Resources */ = {
			isa = PBXResourcesBuildPhase;
			buildActionMask = 2147483647;
			files = (
				FF887C471F3B6E6E0095F5C9 /* LaunchScreen.storyboard in Resources */,
				FF887C441F3B6E6E0095F5C9 /* Assets.xcassets in Resources */,
				FF887C421F3B6E6E0095F5C9 /* Main.storyboard in Resources */,
			);
			runOnlyForDeploymentPostprocessing = 0;
		};
/* End PBXResourcesBuildPhase section */

/* Begin PBXShellScriptBuildPhase section */
		411ED8944661FF3C841244FE /* [CP] Copy Pods Resources */ = {
			isa = PBXShellScriptBuildPhase;
			buildActionMask = 2147483647;
			files = (
			);
			inputPaths = (
			);
			name = "[CP] Copy Pods Resources";
			outputPaths = (
			);
			runOnlyForDeploymentPostprocessing = 0;
			shellPath = /bin/sh;
			shellScript = "\"${SRCROOT}/Pods/Target Support Files/Pods-Associate/Pods-Associate-resources.sh\"\n";
			showEnvVarsInLog = 0;
		};
		82655341476040E3235EB689 /* [CP] Check Pods Manifest.lock */ = {
			isa = PBXShellScriptBuildPhase;
			buildActionMask = 2147483647;
			files = (
			);
			inputPaths = (
			);
			name = "[CP] Check Pods Manifest.lock";
			outputPaths = (
			);
			runOnlyForDeploymentPostprocessing = 0;
			shellPath = /bin/sh;
			shellScript = "diff \"${PODS_PODFILE_DIR_PATH}/Podfile.lock\" \"${PODS_ROOT}/Manifest.lock\" > /dev/null\nif [ $? != 0 ] ; then\n    # print error to STDERR\n    echo \"error: The sandbox is not in sync with the Podfile.lock. Run 'pod install' or update your CocoaPods installation.\" >&2\n    exit 1\nfi\n";
			showEnvVarsInLog = 0;
		};
		D9EEF9F27A290E3773A9322A /* [CP] Embed Pods Frameworks */ = {
			isa = PBXShellScriptBuildPhase;
			buildActionMask = 2147483647;
			files = (
			);
			inputPaths = (
			);
			name = "[CP] Embed Pods Frameworks";
			outputPaths = (
			);
			runOnlyForDeploymentPostprocessing = 0;
			shellPath = /bin/sh;
			shellScript = "\"${SRCROOT}/Pods/Target Support Files/Pods-Associate/Pods-Associate-frameworks.sh\"\n";
			showEnvVarsInLog = 0;
		};
/* End PBXShellScriptBuildPhase section */

/* Begin PBXSourcesBuildPhase section */
		FF887C351F3B6E6E0095F5C9 /* Sources */ = {
			isa = PBXSourcesBuildPhase;
			buildActionMask = 2147483647;
			files = (
				FFEEFD6A1F3CEE78002E0C9A /* LoginViewController.swift in Sources */,
				FFEEFD741F3CF834002E0C9A /* APIKeys.swift in Sources */,
				FFEEFD6F1F3CF04A002E0C9A /* DataManager.swift in Sources */,
				FFEEFD681F3CEDD4002E0C9A /* SignUpViewController.swift in Sources */,
				FF887C3D1F3B6E6E0095F5C9 /* AppDelegate.swift in Sources */,
			);
			runOnlyForDeploymentPostprocessing = 0;
		};
/* End PBXSourcesBuildPhase section */

/* Begin PBXVariantGroup section */
		FF887C401F3B6E6E0095F5C9 /* Main.storyboard */ = {
			isa = PBXVariantGroup;
			children = (
				FF887C411F3B6E6E0095F5C9 /* Base */,
			);
			name = Main.storyboard;
			sourceTree = "<group>";
		};
		FF887C451F3B6E6E0095F5C9 /* LaunchScreen.storyboard */ = {
			isa = PBXVariantGroup;
			children = (
				FF887C461F3B6E6E0095F5C9 /* Base */,
			);
			name = LaunchScreen.storyboard;
			sourceTree = "<group>";
		};
/* End PBXVariantGroup section */

/* Begin XCBuildConfiguration section */
		FF887C491F3B6E6E0095F5C9 /* Debug */ = {
			isa = XCBuildConfiguration;
			buildSettings = {
				ALWAYS_SEARCH_USER_PATHS = NO;
				CLANG_ANALYZER_NONNULL = YES;
				CLANG_ANALYZER_NUMBER_OBJECT_CONVERSION = YES_AGGRESSIVE;
				CLANG_CXX_LANGUAGE_STANDARD = "gnu++0x";
				CLANG_CXX_LIBRARY = "libc++";
				CLANG_ENABLE_MODULES = YES;
				CLANG_ENABLE_OBJC_ARC = YES;
				CLANG_WARN_BOOL_CONVERSION = YES;
				CLANG_WARN_CONSTANT_CONVERSION = YES;
				CLANG_WARN_DIRECT_OBJC_ISA_USAGE = YES_ERROR;
				CLANG_WARN_DOCUMENTATION_COMMENTS = YES;
				CLANG_WARN_EMPTY_BODY = YES;
				CLANG_WARN_ENUM_CONVERSION = YES;
				CLANG_WARN_INFINITE_RECURSION = YES;
				CLANG_WARN_INT_CONVERSION = YES;
				CLANG_WARN_OBJC_ROOT_CLASS = YES_ERROR;
				CLANG_WARN_SUSPICIOUS_MOVE = YES;
				CLANG_WARN_UNREACHABLE_CODE = YES;
				CLANG_WARN__DUPLICATE_METHOD_MATCH = YES;
				"CODE_SIGN_IDENTITY[sdk=iphoneos*]" = "iPhone Developer";
				COPY_PHASE_STRIP = NO;
				DEBUG_INFORMATION_FORMAT = dwarf;
				ENABLE_STRICT_OBJC_MSGSEND = YES;
				ENABLE_TESTABILITY = YES;
				GCC_C_LANGUAGE_STANDARD = gnu99;
				GCC_DYNAMIC_NO_PIC = NO;
				GCC_NO_COMMON_BLOCKS = YES;
				GCC_OPTIMIZATION_LEVEL = 0;
				GCC_PREPROCESSOR_DEFINITIONS = (
					"DEBUG=1",
					"$(inherited)",
				);
				GCC_WARN_64_TO_32_BIT_CONVERSION = YES;
				GCC_WARN_ABOUT_RETURN_TYPE = YES_ERROR;
				GCC_WARN_UNDECLARED_SELECTOR = YES;
				GCC_WARN_UNINITIALIZED_AUTOS = YES_AGGRESSIVE;
				GCC_WARN_UNUSED_FUNCTION = YES;
				GCC_WARN_UNUSED_VARIABLE = YES;
				IPHONEOS_DEPLOYMENT_TARGET = 10.3;
				MTL_ENABLE_DEBUG_INFO = YES;
				ONLY_ACTIVE_ARCH = YES;
				SDKROOT = iphoneos;
				SWIFT_ACTIVE_COMPILATION_CONDITIONS = DEBUG;
				SWIFT_OPTIMIZATION_LEVEL = "-Onone";
				TARGETED_DEVICE_FAMILY = "1,2";
			};
			name = Debug;
		};
		FF887C4A1F3B6E6E0095F5C9 /* Release */ = {
			isa = XCBuildConfiguration;
			buildSettings = {
				ALWAYS_SEARCH_USER_PATHS = NO;
				CLANG_ANALYZER_NONNULL = YES;
				CLANG_ANALYZER_NUMBER_OBJECT_CONVERSION = YES_AGGRESSIVE;
				CLANG_CXX_LANGUAGE_STANDARD = "gnu++0x";
				CLANG_CXX_LIBRARY = "libc++";
				CLANG_ENABLE_MODULES = YES;
				CLANG_ENABLE_OBJC_ARC = YES;
				CLANG_WARN_BOOL_CONVERSION = YES;
				CLANG_WARN_CONSTANT_CONVERSION = YES;
				CLANG_WARN_DIRECT_OBJC_ISA_USAGE = YES_ERROR;
				CLANG_WARN_DOCUMENTATION_COMMENTS = YES;
				CLANG_WARN_EMPTY_BODY = YES;
				CLANG_WARN_ENUM_CONVERSION = YES;
				CLANG_WARN_INFINITE_RECURSION = YES;
				CLANG_WARN_INT_CONVERSION = YES;
				CLANG_WARN_OBJC_ROOT_CLASS = YES_ERROR;
				CLANG_WARN_SUSPICIOUS_MOVE = YES;
				CLANG_WARN_UNREACHABLE_CODE = YES;
				CLANG_WARN__DUPLICATE_METHOD_MATCH = YES;
				"CODE_SIGN_IDENTITY[sdk=iphoneos*]" = "iPhone Developer";
				COPY_PHASE_STRIP = NO;
				DEBUG_INFORMATION_FORMAT = "dwarf-with-dsym";
				ENABLE_NS_ASSERTIONS = NO;
				ENABLE_STRICT_OBJC_MSGSEND = YES;
				GCC_C_LANGUAGE_STANDARD = gnu99;
				GCC_NO_COMMON_BLOCKS = YES;
				GCC_WARN_64_TO_32_BIT_CONVERSION = YES;
				GCC_WARN_ABOUT_RETURN_TYPE = YES_ERROR;
				GCC_WARN_UNDECLARED_SELECTOR = YES;
				GCC_WARN_UNINITIALIZED_AUTOS = YES_AGGRESSIVE;
				GCC_WARN_UNUSED_FUNCTION = YES;
				GCC_WARN_UNUSED_VARIABLE = YES;
				IPHONEOS_DEPLOYMENT_TARGET = 10.3;
				MTL_ENABLE_DEBUG_INFO = NO;
				SDKROOT = iphoneos;
				SWIFT_OPTIMIZATION_LEVEL = "-Owholemodule";
				TARGETED_DEVICE_FAMILY = "1,2";
				VALIDATE_PRODUCT = YES;
			};
			name = Release;
		};
		FF887C4C1F3B6E6E0095F5C9 /* Debug */ = {
			isa = XCBuildConfiguration;
			baseConfigurationReference = 4E4E63013482F53E37A8A3B7 /* Pods-Associate.debug.xcconfig */;
			buildSettings = {
				ASSETCATALOG_COMPILER_APPICON_NAME = AppIcon;
				DEVELOPMENT_TEAM = 4KJC5XPKL6;
				INFOPLIST_FILE = Associate/Info.plist;
				LD_RUNPATH_SEARCH_PATHS = "$(inherited) @executable_path/Frameworks";
				PRODUCT_BUNDLE_IDENTIFIER = "Alex-Wymer.Associate";
				PRODUCT_NAME = "$(TARGET_NAME)";
				SWIFT_VERSION = 3.0;
			};
			name = Debug;
		};
		FF887C4D1F3B6E6E0095F5C9 /* Release */ = {
			isa = XCBuildConfiguration;
			baseConfigurationReference = A1A5FF9B3C9341185AB52CA9 /* Pods-Associate.release.xcconfig */;
			buildSettings = {
				ASSETCATALOG_COMPILER_APPICON_NAME = AppIcon;
				DEVELOPMENT_TEAM = 4KJC5XPKL6;
				INFOPLIST_FILE = Associate/Info.plist;
				LD_RUNPATH_SEARCH_PATHS = "$(inherited) @executable_path/Frameworks";
				PRODUCT_BUNDLE_IDENTIFIER = "Alex-Wymer.Associate";
				PRODUCT_NAME = "$(TARGET_NAME)";
				SWIFT_VERSION = 3.0;
			};
			name = Release;
		};
/* End XCBuildConfiguration section */

/* Begin XCConfigurationList section */
		FF887C341F3B6E6E0095F5C9 /* Build configuration list for PBXProject "Associate" */ = {
			isa = XCConfigurationList;
			buildConfigurations = (
				FF887C491F3B6E6E0095F5C9 /* Debug */,
				FF887C4A1F3B6E6E0095F5C9 /* Release */,
			);
			defaultConfigurationIsVisible = 0;
			defaultConfigurationName = Release;
		};
		FF887C4B1F3B6E6E0095F5C9 /* Build configuration list for PBXNativeTarget "Associate" */ = {
			isa = XCConfigurationList;
			buildConfigurations = (
				FF887C4C1F3B6E6E0095F5C9 /* Debug */,
				FF887C4D1F3B6E6E0095F5C9 /* Release */,
			);
			defaultConfigurationIsVisible = 0;
			defaultConfigurationName = Release;
		};
/* End XCConfigurationList section */
	};
	rootObject = FF887C311F3B6E6E0095F5C9 /* Project object */;
}
